
Microsoft Visual Studio Solution File, Format Version 12.00
# Visual Studio Version 16
VisualStudioVersion = 16.0.31321.278
MinimumVisualStudioVersion = 10.0.40219.1
Project("{9A19103F-16F7-4668-BE54-9A1E7A4F7556}") = "CambridgeDictionary.Cli", "CambridgeDictionary.Cli\CambridgeDictionary.Cli.csproj", "{FAC344EE-32EE-4DC9-8B12-35E9EE0C92AB}"
EndProject
Project("{9A19103F-16F7-4668-BE54-9A1E7A4F7556}") = "CambridgeDictionary.Cli.Debug", "CambridgeDictionay.Console\CambridgeDictionary.Cli.Debug.csproj", "{47CA9AE8-BC4B-4102-94E6-4C38493E817B}"
EndProject
Global
	GlobalSection(SolutionConfigurationPlatforms) = preSolution
		Debug|Any CPU = Debug|Any CPU
		Release|Any CPU = Release|Any CPU
	EndGlobalSection
	GlobalSection(ProjectConfigurationPlatforms) = postSolution
		{FAC344EE-32EE-4DC9-8B12-35E9EE0C92AB}.Debug|Any CPU.ActiveCfg = Debug|Any CPU
		{FAC344EE-32EE-4DC9-8B12-35E9EE0C92AB}.Debug|Any CPU.Build.0 = Debug|Any CPU
		{FAC344EE-32EE-4DC9-8B12-35E9EE0C92AB}.Release|Any CPU.ActiveCfg = Release|Any CPU
		{FAC344EE-32EE-4DC9-8B12-35E9EE0C92AB}.Release|Any CPU.Build.0 = Release|Any CPU
		{47CA9AE8-BC4B-4102-94E6-4C38493E817B}.Debug|Any CPU.ActiveCfg = Debug|Any CPU
		{47CA9AE8-BC4B-4102-94E6-4C38493E817B}.Debug|Any CPU.Build.0 = Debug|Any CPU
		{47CA9AE8-BC4B-4102-94E6-4C38493E817B}.Release|Any CPU.ActiveCfg = Release|Any CPU
		{47CA9AE8-BC4B-4102-94E6-4C38493E817B}.Release|Any CPU.Build.0 = Release|Any CPU
	EndGlobalSection
	GlobalSection(SolutionProperties) = preSolution
		HideSolutionNode = FALSE
	EndGlobalSection
	GlobalSection(ExtensibilityGlobals) = postSolution
		SolutionGuid = {DF6BDAAA-DB58-4807-8A85-8EB9AB70B9C3}
	EndGlobalSection
EndGlobal
